
Microsoft Visual Studio Solution File, Format Version 12.00
# Visual Studio Version 17
VisualStudioVersion = 17.10.35013.160
MinimumVisualStudioVersion = 10.0.40219.1
Project("{FAE04EC0-301F-11D3-BF4B-00C04F79EFBC}") = "ChessWebAPI", "ChessWebAPI.csproj", "{C87CD3B2-AF3D-4C89-B4E8-75E8715EAD7A}"
EndProject
Global
	GlobalSection(SolutionConfigurationPlatforms) = preSolution
		Debug|Any CPU = Debug|Any CPU
		Release|Any CPU = Release|Any CPU
	EndGlobalSection
	GlobalSection(ProjectConfigurationPlatforms) = postSolution
		{C87CD3B2-AF3D-4C89-B4E8-75E8715EAD7A}.Debug|Any CPU.ActiveCfg = Debug|Any CPU
		{C87CD3B2-AF3D-4C89-B4E8-75E8715EAD7A}.Debug|Any CPU.Build.0 = Debug|Any CPU
		{C87CD3B2-AF3D-4C89-B4E8-75E8715EAD7A}.Release|Any CPU.ActiveCfg = Release|Any CPU
		{C87CD3B2-AF3D-4C89-B4E8-75E8715EAD7A}.Release|Any CPU.Build.0 = Release|Any CPU
	EndGlobalSection
	GlobalSection(SolutionProperties) = preSolution
		HideSolutionNode = FALSE
	EndGlobalSection
	GlobalSection(ExtensibilityGlobals) = postSolution
		SolutionGuid = {0B2BEA22-4A01-4C50-AE1B-CBF186E7111C}
	EndGlobalSection
EndGlobal
